
Microsoft Visual Studio Solution File, Format Version 12.00
# Visual Studio Version 16
VisualStudioVersion = 16.0.31019.35
MinimumVisualStudioVersion = 10.0.40219.1
Project("{11A8DD76-328B-46DF-9F39-F559912D0360}") = "NFUnitTest", "NFUnitTestDemo\NFUnitTest.nfproj", "{FBD29C49-D7DC-425E-BAD1-1AE63484A6CD}"
EndProject
Global
	GlobalSection(SolutionConfigurationPlatforms) = preSolution
		Debug|Any CPU = Debug|Any CPU
		Release|Any CPU = Release|Any CPU
	EndGlobalSection
	GlobalSection(ProjectConfigurationPlatforms) = postSolution
		{FBD29C49-D7DC-425E-BAD1-1AE63484A6CD}.Debug|Any CPU.ActiveCfg = Debug|Any CPU
		{FBD29C49-D7DC-425E-BAD1-1AE63484A6CD}.Debug|Any CPU.Build.0 = Debug|Any CPU
		{FBD29C49-D7DC-425E-BAD1-1AE63484A6CD}.Debug|Any CPU.Deploy.0 = Debug|Any CPU
		{FBD29C49-D7DC-425E-BAD1-1AE63484A6CD}.Release|Any CPU.ActiveCfg = Release|Any CPU
		{FBD29C49-D7DC-425E-BAD1-1AE63484A6CD}.Release|Any CPU.Build.0 = Release|Any CPU
		{FBD29C49-D7DC-425E-BAD1-1AE63484A6CD}.Release|Any CPU.Deploy.0 = Release|Any CPU
	EndGlobalSection
	GlobalSection(SolutionProperties) = preSolution
		HideSolutionNode = FALSE
	EndGlobalSection
	GlobalSection(ExtensibilityGlobals) = postSolution
		SolutionGuid = {280DA13F-AFF7-4D5D-BA7F-BFC5E8F19995}
	EndGlobalSection
EndGlobal
