
Microsoft Visual Studio Solution File, Format Version 12.00
# Visual Studio Version 16
VisualStudioVersion = 16.0.31613.86
MinimumVisualStudioVersion = 10.0.40219.1
Project("{11A8DD76-328B-46DF-9F39-F559912D0360}") = "System.Device.Pwm", "System.Device.Pwm.nfproj", "{B362ACD8-DCD0-4CA3-A0B5-7F1583574A3A}"
EndProject
Global
	GlobalSection(SolutionConfigurationPlatforms) = preSolution
		Debug|Any CPU = Debug|Any CPU
		Release|Any CPU = Release|Any CPU
	EndGlobalSection
	GlobalSection(ProjectConfigurationPlatforms) = postSolution
		{B362ACD8-DCD0-4CA3-A0B5-7F1583574A3A}.Debug|Any CPU.ActiveCfg = Debug|Any CPU
		{B362ACD8-DCD0-4CA3-A0B5-7F1583574A3A}.Debug|Any CPU.Build.0 = Debug|Any CPU
		{B362ACD8-DCD0-4CA3-A0B5-7F1583574A3A}.Debug|Any CPU.Deploy.0 = Debug|Any CPU
		{B362ACD8-DCD0-4CA3-A0B5-7F1583574A3A}.Release|Any CPU.ActiveCfg = Release|Any CPU
		{B362ACD8-DCD0-4CA3-A0B5-7F1583574A3A}.Release|Any CPU.Build.0 = Release|Any CPU
		{B362ACD8-DCD0-4CA3-A0B5-7F1583574A3A}.Release|Any CPU.Deploy.0 = Release|Any CPU
	EndGlobalSection
	GlobalSection(SolutionProperties) = preSolution
		HideSolutionNode = FALSE
	EndGlobalSection
	GlobalSection(ExtensibilityGlobals) = postSolution
		SolutionGuid = {3AEB75FB-AECF-42CB-A227-D8269EE8F141}
	EndGlobalSection
EndGlobal
