
Microsoft Visual Studio Solution File, Format Version 12.00
# Visual Studio 15
VisualStudioVersion = 15.0.28307.779
MinimumVisualStudioVersion = 10.0.40219.1
Project("{11A8DD76-328B-46DF-9F39-F559912D0360}") = "NativeEvents", "NativeEvents.nfproj", "{3995BF44-8087-454A-A885-666E707704C5}"
EndProject
Global
	GlobalSection(SolutionConfigurationPlatforms) = preSolution
		Debug|Any CPU = Debug|Any CPU
		Release|Any CPU = Release|Any CPU
	EndGlobalSection
	GlobalSection(ProjectConfigurationPlatforms) = postSolution
		{3995BF44-8087-454A-A885-666E707704C5}.Debug|Any CPU.ActiveCfg = Debug|Any CPU
		{3995BF44-8087-454A-A885-666E707704C5}.Debug|Any CPU.Build.0 = Debug|Any CPU
		{3995BF44-8087-454A-A885-666E707704C5}.Debug|Any CPU.Deploy.0 = Debug|Any CPU
		{3995BF44-8087-454A-A885-666E707704C5}.Release|Any CPU.ActiveCfg = Release|Any CPU
		{3995BF44-8087-454A-A885-666E707704C5}.Release|Any CPU.Build.0 = Release|Any CPU
		{3995BF44-8087-454A-A885-666E707704C5}.Release|Any CPU.Deploy.0 = Release|Any CPU
	EndGlobalSection
	GlobalSection(SolutionProperties) = preSolution
		HideSolutionNode = FALSE
	EndGlobalSection
	GlobalSection(ExtensibilityGlobals) = postSolution
		SolutionGuid = {CA347D4C-5DA0-4350-B25A-D48C04E0CCA8}
	EndGlobalSection
EndGlobal
