
Microsoft Visual Studio Solution File, Format Version 12.00
# Visual Studio 15
VisualStudioVersion = 15.0.28307.168
MinimumVisualStudioVersion = 10.0.40219.1
Project("{11A8DD76-328B-46DF-9F39-F559912D0360}") = "HttpWebRequest", "HttpWebRequest\HttpWebRequest\HttpWebRequest.nfproj", "{1A9300F7-EC7D-4149-A7DE-3DAEBF1CE006}"
EndProject
Project("{11A8DD76-328B-46DF-9F39-F559912D0360}") = "HttpListener", "HttpListener\HttpListener.nfproj", "{4C9AC2C4-E98C-4C1A-AFC7-CFB5C4F2292B}"
EndProject
Global
	GlobalSection(SolutionConfigurationPlatforms) = preSolution
		Debug|Any CPU = Debug|Any CPU
		Release|Any CPU = Release|Any CPU
	EndGlobalSection
	GlobalSection(ProjectConfigurationPlatforms) = postSolution
		{1A9300F7-EC7D-4149-A7DE-3DAEBF1CE006}.Debug|Any CPU.ActiveCfg = Debug|Any CPU
		{1A9300F7-EC7D-4149-A7DE-3DAEBF1CE006}.Debug|Any CPU.Build.0 = Debug|Any CPU
		{1A9300F7-EC7D-4149-A7DE-3DAEBF1CE006}.Debug|Any CPU.Deploy.0 = Debug|Any CPU
		{1A9300F7-EC7D-4149-A7DE-3DAEBF1CE006}.Release|Any CPU.ActiveCfg = Release|Any CPU
		{1A9300F7-EC7D-4149-A7DE-3DAEBF1CE006}.Release|Any CPU.Build.0 = Release|Any CPU
		{1A9300F7-EC7D-4149-A7DE-3DAEBF1CE006}.Release|Any CPU.Deploy.0 = Release|Any CPU
		{4C9AC2C4-E98C-4C1A-AFC7-CFB5C4F2292B}.Debug|Any CPU.ActiveCfg = Debug|Any CPU
		{4C9AC2C4-E98C-4C1A-AFC7-CFB5C4F2292B}.Debug|Any CPU.Build.0 = Debug|Any CPU
		{4C9AC2C4-E98C-4C1A-AFC7-CFB5C4F2292B}.Debug|Any CPU.Deploy.0 = Debug|Any CPU
		{4C9AC2C4-E98C-4C1A-AFC7-CFB5C4F2292B}.Release|Any CPU.ActiveCfg = Release|Any CPU
		{4C9AC2C4-E98C-4C1A-AFC7-CFB5C4F2292B}.Release|Any CPU.Build.0 = Release|Any CPU
		{4C9AC2C4-E98C-4C1A-AFC7-CFB5C4F2292B}.Release|Any CPU.Deploy.0 = Release|Any CPU
	EndGlobalSection
	GlobalSection(SolutionProperties) = preSolution
		HideSolutionNode = FALSE
	EndGlobalSection
	GlobalSection(ExtensibilityGlobals) = postSolution
		SolutionGuid = {18AABE58-5DB8-4404-B525-8352014729DB}
	EndGlobalSection
EndGlobal
