Microsoft Visual Studio Solution File, Format Version 12.00
# Visual Studio Version 17
VisualStudioVersion = 17.1.32414.318
MinimumVisualStudioVersion = 10.0.40219.1
Project("{11A8DD76-328B-46DF-9F39-F559912D0360}") = "HttpWebRequest", "HttpWebRequest\HttpWebRequest.nfproj", "{1A9300F7-EC7D-4149-A7DE-3DAEBF1CE006}"
EndProject
Project("{11A8DD76-328B-46DF-9F39-F559912D0360}") = "HttpListener", "HttpListener\HttpListener.nfproj", "{4C9AC2C4-E98C-4C1A-AFC7-CFB5C4F2292B}"
EndProject
Project("{11A8DD76-328B-46DF-9F39-F559912D0360}") = "HttpAzureGET", "HttpAzureGET\HttpAzureGET.nfproj", "{EEDE64A9-092B-4C95-B890-454D18FB7DF0}"
EndProject
Project("{11A8DD76-328B-46DF-9F39-F559912D0360}") = "HttpAzurePOST", "HttpAzurePOST\HttpAzurePOST.nfproj", "{CB1EE621-6285-4AE7-837E-CDC27DDE0113}"
EndProject
Project("{11A8DD76-328B-46DF-9F39-F559912D0360}") = "HttpWebRequest_Wifi", "HttpWebRequest_Wifi\HttpWebRequest_Wifi.nfproj", "{C0416744-A7E2-42E3-8F4D-1182420F9746}"
EndProject
Project("{11A8DD76-328B-46DF-9F39-F559912D0360}") = "HttpListener_Wifi", "HttpListener_Wifi\HttpListener_Wifi.nfproj", "{3D3561FF-CE21-4181-8F22-B1B1D02F6967}"
EndProject
Project("{11A8DD76-328B-46DF-9F39-F559912D0360}") = "HttpAzurePOST_Wifi", "HttpAzurePOST_Wifi\HttpAzurePOST_Wifi.nfproj", "{2A06646D-E30F-45D1-BD30-442FD709A6A6}"
EndProject
Project("{11A8DD76-328B-46DF-9F39-F559912D0360}") = "HttpAzureGET_Wifi", "HttpAzureGET_Wifi\HttpAzureGET_Wifi.nfproj", "{86282DD7-9EA1-413B-9F7E-5A72E6372B52}"
EndProject
Global
	GlobalSection(SolutionConfigurationPlatforms) = preSolution
		Debug|Any CPU = Debug|Any CPU
		Release|Any CPU = Release|Any CPU
	EndGlobalSection
	GlobalSection(ProjectConfigurationPlatforms) = postSolution
		{1A9300F7-EC7D-4149-A7DE-3DAEBF1CE006}.Debug|Any CPU.ActiveCfg = Debug|Any CPU
		{1A9300F7-EC7D-4149-A7DE-3DAEBF1CE006}.Debug|Any CPU.Build.0 = Debug|Any CPU
		{1A9300F7-EC7D-4149-A7DE-3DAEBF1CE006}.Debug|Any CPU.Deploy.0 = Debug|Any CPU
		{1A9300F7-EC7D-4149-A7DE-3DAEBF1CE006}.Release|Any CPU.ActiveCfg = Release|Any CPU
		{1A9300F7-EC7D-4149-A7DE-3DAEBF1CE006}.Release|Any CPU.Build.0 = Release|Any CPU
		{1A9300F7-EC7D-4149-A7DE-3DAEBF1CE006}.Release|Any CPU.Deploy.0 = Release|Any CPU
		{4C9AC2C4-E98C-4C1A-AFC7-CFB5C4F2292B}.Debug|Any CPU.ActiveCfg = Debug|Any CPU
		{4C9AC2C4-E98C-4C1A-AFC7-CFB5C4F2292B}.Debug|Any CPU.Build.0 = Debug|Any CPU
		{4C9AC2C4-E98C-4C1A-AFC7-CFB5C4F2292B}.Debug|Any CPU.Deploy.0 = Debug|Any CPU
		{4C9AC2C4-E98C-4C1A-AFC7-CFB5C4F2292B}.Release|Any CPU.ActiveCfg = Release|Any CPU
		{4C9AC2C4-E98C-4C1A-AFC7-CFB5C4F2292B}.Release|Any CPU.Build.0 = Release|Any CPU
		{4C9AC2C4-E98C-4C1A-AFC7-CFB5C4F2292B}.Release|Any CPU.Deploy.0 = Release|Any CPU
		{EEDE64A9-092B-4C95-B890-454D18FB7DF0}.Debug|Any CPU.ActiveCfg = Debug|Any CPU
		{EEDE64A9-092B-4C95-B890-454D18FB7DF0}.Debug|Any CPU.Build.0 = Debug|Any CPU
		{EEDE64A9-092B-4C95-B890-454D18FB7DF0}.Debug|Any CPU.Deploy.0 = Debug|Any CPU
		{EEDE64A9-092B-4C95-B890-454D18FB7DF0}.Release|Any CPU.ActiveCfg = Release|Any CPU
		{EEDE64A9-092B-4C95-B890-454D18FB7DF0}.Release|Any CPU.Build.0 = Release|Any CPU
		{EEDE64A9-092B-4C95-B890-454D18FB7DF0}.Release|Any CPU.Deploy.0 = Release|Any CPU
		{CB1EE621-6285-4AE7-837E-CDC27DDE0113}.Debug|Any CPU.ActiveCfg = Debug|Any CPU
		{CB1EE621-6285-4AE7-837E-CDC27DDE0113}.Debug|Any CPU.Build.0 = Debug|Any CPU
		{CB1EE621-6285-4AE7-837E-CDC27DDE0113}.Debug|Any CPU.Deploy.0 = Debug|Any CPU
		{CB1EE621-6285-4AE7-837E-CDC27DDE0113}.Release|Any CPU.ActiveCfg = Release|Any CPU
		{CB1EE621-6285-4AE7-837E-CDC27DDE0113}.Release|Any CPU.Build.0 = Release|Any CPU
		{CB1EE621-6285-4AE7-837E-CDC27DDE0113}.Release|Any CPU.Deploy.0 = Release|Any CPU
		{C0416744-A7E2-42E3-8F4D-1182420F9746}.Debug|Any CPU.ActiveCfg = Debug|Any CPU
		{C0416744-A7E2-42E3-8F4D-1182420F9746}.Debug|Any CPU.Build.0 = Debug|Any CPU
		{C0416744-A7E2-42E3-8F4D-1182420F9746}.Debug|Any CPU.Deploy.0 = Debug|Any CPU
		{C0416744-A7E2-42E3-8F4D-1182420F9746}.Release|Any CPU.ActiveCfg = Release|Any CPU
		{C0416744-A7E2-42E3-8F4D-1182420F9746}.Release|Any CPU.Build.0 = Release|Any CPU
		{C0416744-A7E2-42E3-8F4D-1182420F9746}.Release|Any CPU.Deploy.0 = Release|Any CPU
		{3D3561FF-CE21-4181-8F22-B1B1D02F6967}.Debug|Any CPU.ActiveCfg = Debug|Any CPU
		{3D3561FF-CE21-4181-8F22-B1B1D02F6967}.Debug|Any CPU.Build.0 = Debug|Any CPU
		{3D3561FF-CE21-4181-8F22-B1B1D02F6967}.Debug|Any CPU.Deploy.0 = Debug|Any CPU
		{3D3561FF-CE21-4181-8F22-B1B1D02F6967}.Release|Any CPU.ActiveCfg = Release|Any CPU
		{3D3561FF-CE21-4181-8F22-B1B1D02F6967}.Release|Any CPU.Build.0 = Release|Any CPU
		{3D3561FF-CE21-4181-8F22-B1B1D02F6967}.Release|Any CPU.Deploy.0 = Release|Any CPU
		{2A06646D-E30F-45D1-BD30-442FD709A6A6}.Debug|Any CPU.ActiveCfg = Debug|Any CPU
		{2A06646D-E30F-45D1-BD30-442FD709A6A6}.Debug|Any CPU.Build.0 = Debug|Any CPU
		{2A06646D-E30F-45D1-BD30-442FD709A6A6}.Debug|Any CPU.Deploy.0 = Debug|Any CPU
		{2A06646D-E30F-45D1-BD30-442FD709A6A6}.Release|Any CPU.ActiveCfg = Release|Any CPU
		{2A06646D-E30F-45D1-BD30-442FD709A6A6}.Release|Any CPU.Build.0 = Release|Any CPU
		{2A06646D-E30F-45D1-BD30-442FD709A6A6}.Release|Any CPU.Deploy.0 = Release|Any CPU
		{86282DD7-9EA1-413B-9F7E-5A72E6372B52}.Debug|Any CPU.ActiveCfg = Debug|Any CPU
		{86282DD7-9EA1-413B-9F7E-5A72E6372B52}.Debug|Any CPU.Build.0 = Debug|Any CPU
		{86282DD7-9EA1-413B-9F7E-5A72E6372B52}.Debug|Any CPU.Deploy.0 = Debug|Any CPU
		{86282DD7-9EA1-413B-9F7E-5A72E6372B52}.Release|Any CPU.ActiveCfg = Release|Any CPU
		{86282DD7-9EA1-413B-9F7E-5A72E6372B52}.Release|Any CPU.Build.0 = Release|Any CPU
		{86282DD7-9EA1-413B-9F7E-5A72E6372B52}.Release|Any CPU.Deploy.0 = Release|Any CPU
	EndGlobalSection
	GlobalSection(SolutionProperties) = preSolution
		HideSolutionNode = FALSE
	EndGlobalSection
	GlobalSection(ExtensibilityGlobals) = postSolution
		SolutionGuid = {18AABE58-5DB8-4404-B525-8352014729DB}
	EndGlobalSection
EndGlobal
