
Microsoft Visual Studio Solution File, Format Version 12.00
# Visual Studio Version 17
VisualStudioVersion = 17.0.31903.59
MinimumVisualStudioVersion = 10.0.40219.1
Project("{11A8DD76-328B-46DF-9F39-F559912D0360}") = "AzureIoTPnP", "AzureIoTPnP.nfproj", "{22BFED9E-378B-428A-8014-1354C80D7F2B}"
EndProject
Global
	GlobalSection(SolutionConfigurationPlatforms) = preSolution
		Debug|Any CPU = Debug|Any CPU
		Release|Any CPU = Release|Any CPU
	EndGlobalSection
	GlobalSection(ProjectConfigurationPlatforms) = postSolution
		{22BFED9E-378B-428A-8014-1354C80D7F2B}.Debug|Any CPU.ActiveCfg = Debug|Any CPU
		{22BFED9E-378B-428A-8014-1354C80D7F2B}.Debug|Any CPU.Build.0 = Debug|Any CPU
		{22BFED9E-378B-428A-8014-1354C80D7F2B}.Debug|Any CPU.Deploy.0 = Debug|Any CPU
		{22BFED9E-378B-428A-8014-1354C80D7F2B}.Release|Any CPU.ActiveCfg = Release|Any CPU
		{22BFED9E-378B-428A-8014-1354C80D7F2B}.Release|Any CPU.Build.0 = Release|Any CPU
		{22BFED9E-378B-428A-8014-1354C80D7F2B}.Release|Any CPU.Deploy.0 = Release|Any CPU
	EndGlobalSection
	GlobalSection(SolutionProperties) = preSolution
		HideSolutionNode = FALSE
	EndGlobalSection
	GlobalSection(ExtensibilityGlobals) = postSolution
		SolutionGuid = {9E2C3802-842B-46F2-A292-4E8F49F1ADD1}
	EndGlobalSection
EndGlobal
