
Microsoft Visual Studio Solution File, Format Version 12.00
# Visual Studio 15
VisualStudioVersion = 15.0.27428.2002
MinimumVisualStudioVersion = 10.0.40219.1
Project("{11A8DD76-328B-46DF-9F39-F559912D0360}") = "System.Random", "System.Random.nfproj", "{BC007905-45A8-40D1-AA65-3C2C3992A412}"
EndProject
Global
	GlobalSection(SolutionConfigurationPlatforms) = preSolution
		Debug|Any CPU = Debug|Any CPU
		Release|Any CPU = Release|Any CPU
	EndGlobalSection
	GlobalSection(ProjectConfigurationPlatforms) = postSolution
		{BC007905-45A8-40D1-AA65-3C2C3992A412}.Debug|Any CPU.ActiveCfg = Debug|Any CPU
		{BC007905-45A8-40D1-AA65-3C2C3992A412}.Debug|Any CPU.Build.0 = Debug|Any CPU
		{BC007905-45A8-40D1-AA65-3C2C3992A412}.Debug|Any CPU.Deploy.0 = Debug|Any CPU
		{BC007905-45A8-40D1-AA65-3C2C3992A412}.Release|Any CPU.ActiveCfg = Release|Any CPU
		{BC007905-45A8-40D1-AA65-3C2C3992A412}.Release|Any CPU.Build.0 = Release|Any CPU
		{BC007905-45A8-40D1-AA65-3C2C3992A412}.Release|Any CPU.Deploy.0 = Release|Any CPU
	EndGlobalSection
	GlobalSection(SolutionProperties) = preSolution
		HideSolutionNode = FALSE
	EndGlobalSection
	GlobalSection(ExtensibilityGlobals) = postSolution
		SolutionGuid = {A48D650A-3D1C-492F-A8F0-F8B5048F0D4F}
	EndGlobalSection
EndGlobal
