
Microsoft Visual Studio Solution File, Format Version 12.00
# Visual Studio Version 16
VisualStudioVersion = 16.0.32126.315
MinimumVisualStudioVersion = 10.0.40219.1
Project("{11A8DD76-328B-46DF-9F39-F559912D0360}") = "BluetoothLESample3", "BluetoothLESample3.nfproj", "{7E45875F-6644-472E-8768-0590B15B724B}"
EndProject
Global
	GlobalSection(SolutionConfigurationPlatforms) = preSolution
		Debug|Any CPU = Debug|Any CPU
		Release|Any CPU = Release|Any CPU
	EndGlobalSection
	GlobalSection(ProjectConfigurationPlatforms) = postSolution
		{7E45875F-6644-472E-8768-0590B15B724B}.Debug|Any CPU.ActiveCfg = Debug|Any CPU
		{7E45875F-6644-472E-8768-0590B15B724B}.Debug|Any CPU.Build.0 = Debug|Any CPU
		{7E45875F-6644-472E-8768-0590B15B724B}.Debug|Any CPU.Deploy.0 = Debug|Any CPU
		{7E45875F-6644-472E-8768-0590B15B724B}.Release|Any CPU.ActiveCfg = Release|Any CPU
		{7E45875F-6644-472E-8768-0590B15B724B}.Release|Any CPU.Build.0 = Release|Any CPU
		{7E45875F-6644-472E-8768-0590B15B724B}.Release|Any CPU.Deploy.0 = Release|Any CPU
	EndGlobalSection
	GlobalSection(SolutionProperties) = preSolution
		HideSolutionNode = FALSE
	EndGlobalSection
	GlobalSection(ExtensibilityGlobals) = postSolution
		SolutionGuid = {A2842946-2505-4C77-A1CA-68C49B9ED0B2}
	EndGlobalSection
EndGlobal
