
Microsoft Visual Studio Solution File, Format Version 12.00
# Visual Studio Version 17
VisualStudioVersion = 17.14.36212.18 d17.14
MinimumVisualStudioVersion = 10.0.40219.1
Project("{11A8DD76-328B-46DF-9F39-F559912D0360}") = "McpAi", "McpAi.nfproj", "{75022CE1-3597-477C-A4A0-CDCD06EC5E54}"
EndProject
Global
	GlobalSection(SolutionConfigurationPlatforms) = preSolution
		Debug|Any CPU = Debug|Any CPU
		Release|Any CPU = Release|Any CPU
	EndGlobalSection
	GlobalSection(ProjectConfigurationPlatforms) = postSolution
		{75022CE1-3597-477C-A4A0-CDCD06EC5E54}.Debug|Any CPU.ActiveCfg = Debug|Any CPU
		{75022CE1-3597-477C-A4A0-CDCD06EC5E54}.Debug|Any CPU.Build.0 = Debug|Any CPU
		{75022CE1-3597-477C-A4A0-CDCD06EC5E54}.Debug|Any CPU.Deploy.0 = Debug|Any CPU
		{75022CE1-3597-477C-A4A0-CDCD06EC5E54}.Release|Any CPU.ActiveCfg = Release|Any CPU
		{75022CE1-3597-477C-A4A0-CDCD06EC5E54}.Release|Any CPU.Build.0 = Release|Any CPU
		{75022CE1-3597-477C-A4A0-CDCD06EC5E54}.Release|Any CPU.Deploy.0 = Release|Any CPU
	EndGlobalSection
	GlobalSection(SolutionProperties) = preSolution
		HideSolutionNode = FALSE
	EndGlobalSection
	GlobalSection(ExtensibilityGlobals) = postSolution
		SolutionGuid = {BFF956C2-216C-479F-B12A-1C423A0B080B}
	EndGlobalSection
EndGlobal
