
Microsoft Visual Studio Solution File, Format Version 12.00
# Visual Studio 15
VisualStudioVersion = 15.0.28010.2048
MinimumVisualStudioVersion = 10.0.40219.1
Project("{11A8DD76-328B-46DF-9F39-F559912D0360}") = "Can.TestApp", "Can.TestApp\Can.TestApp.nfproj", "{123E7C46-FEDA-4EE5-B218-8221F55047C5}"
EndProject
Global
	GlobalSection(SolutionConfigurationPlatforms) = preSolution
		Debug|Any CPU = Debug|Any CPU
		Release|Any CPU = Release|Any CPU
	EndGlobalSection
	GlobalSection(ProjectConfigurationPlatforms) = postSolution
		{123E7C46-FEDA-4EE5-B218-8221F55047C5}.Debug|Any CPU.ActiveCfg = Debug|Any CPU
		{123E7C46-FEDA-4EE5-B218-8221F55047C5}.Debug|Any CPU.Build.0 = Debug|Any CPU
		{123E7C46-FEDA-4EE5-B218-8221F55047C5}.Debug|Any CPU.Deploy.0 = Debug|Any CPU
		{123E7C46-FEDA-4EE5-B218-8221F55047C5}.Release|Any CPU.ActiveCfg = Release|Any CPU
		{123E7C46-FEDA-4EE5-B218-8221F55047C5}.Release|Any CPU.Build.0 = Release|Any CPU
		{123E7C46-FEDA-4EE5-B218-8221F55047C5}.Release|Any CPU.Deploy.0 = Release|Any CPU
	EndGlobalSection
	GlobalSection(SolutionProperties) = preSolution
		HideSolutionNode = FALSE
	EndGlobalSection
	GlobalSection(ExtensibilityGlobals) = postSolution
		SolutionGuid = {0DDDF2A9-CF4E-44E6-85FF-890ED95D00FC}
	EndGlobalSection
EndGlobal
