Microsoft Visual Studio Solution File, Format Version 12.00
# Visual Studio Version 17
VisualStudioVersion = 17.5.33627.172
MinimumVisualStudioVersion = 10.0.40219.1
Project("{11A8DD76-328B-46DF-9F39-F559912D0360}") = "WebServer.Sample", "WebServer.Sample.nfproj", "{F8E6E498-9D0D-4941-8B10-0882642F88BA}"
EndProject
Global
	GlobalSection(SolutionConfigurationPlatforms) = preSolution
		Debug|Any CPU = Debug|Any CPU
		Release|Any CPU = Release|Any CPU
	EndGlobalSection
	GlobalSection(ProjectConfigurationPlatforms) = postSolution
		{F8E6E498-9D0D-4941-8B10-0882642F88BA}.Debug|Any CPU.ActiveCfg = Debug|Any CPU
		{F8E6E498-9D0D-4941-8B10-0882642F88BA}.Debug|Any CPU.Build.0 = Debug|Any CPU
		{F8E6E498-9D0D-4941-8B10-0882642F88BA}.Debug|Any CPU.Deploy.0 = Debug|Any CPU
		{F8E6E498-9D0D-4941-8B10-0882642F88BA}.Release|Any CPU.ActiveCfg = Release|Any CPU
		{F8E6E498-9D0D-4941-8B10-0882642F88BA}.Release|Any CPU.Build.0 = Release|Any CPU
		{F8E6E498-9D0D-4941-8B10-0882642F88BA}.Release|Any CPU.Deploy.0 = Release|Any CPU
	EndGlobalSection
	GlobalSection(SolutionProperties) = preSolution
		HideSolutionNode = FALSE
	EndGlobalSection
	GlobalSection(ExtensibilityGlobals) = postSolution
		SolutionGuid = {6DBEDE1C-FBDC-4FFD-A28F-729ED852D407}
	EndGlobalSection
EndGlobal
