
Microsoft Visual Studio Solution File, Format Version 12.00
# Visual Studio Version 17
VisualStudioVersion = 17.2.32519.379
MinimumVisualStudioVersion = 10.0.40219.1
Project("{11A8DD76-328B-46DF-9F39-F559912D0360}") = "SlowBlink", "SlowBlink.nfproj", "{9E9DC577-4DA0-4D2D-B504-3054A7F19054}"
EndProject
Project("{11A8DD76-328B-46DF-9F39-F559912D0360}") = "nanoFramework.Hosting", "..\..\..\..\nanoFramework.Hosting\nanoFramework.Hosting\nanoFramework.Hosting.nfproj", "{AEEA2C38-FF56-4ACD-9DF5-E0BEA2D1263A}"
EndProject
Project("{11A8DD76-328B-46DF-9F39-F559912D0360}") = "nanoFramework.DependencyInjection", "..\..\..\..\nanoFramework.DependencyInjection\nanoFramework.DependencyInjection\nanoFramework.DependencyInjection.nfproj", "{A2B2222C-0553-4877-8CF1-4458B30C0081}"
EndProject
Global
	GlobalSection(SolutionConfigurationPlatforms) = preSolution
		Debug|Any CPU = Debug|Any CPU
		Release|Any CPU = Release|Any CPU
	EndGlobalSection
	GlobalSection(ProjectConfigurationPlatforms) = postSolution
		{9E9DC577-4DA0-4D2D-B504-3054A7F19054}.Debug|Any CPU.ActiveCfg = Debug|Any CPU
		{9E9DC577-4DA0-4D2D-B504-3054A7F19054}.Debug|Any CPU.Build.0 = Debug|Any CPU
		{9E9DC577-4DA0-4D2D-B504-3054A7F19054}.Debug|Any CPU.Deploy.0 = Debug|Any CPU
		{9E9DC577-4DA0-4D2D-B504-3054A7F19054}.Release|Any CPU.ActiveCfg = Release|Any CPU
		{9E9DC577-4DA0-4D2D-B504-3054A7F19054}.Release|Any CPU.Build.0 = Release|Any CPU
		{9E9DC577-4DA0-4D2D-B504-3054A7F19054}.Release|Any CPU.Deploy.0 = Release|Any CPU
		{AEEA2C38-FF56-4ACD-9DF5-E0BEA2D1263A}.Debug|Any CPU.ActiveCfg = Debug|Any CPU
		{AEEA2C38-FF56-4ACD-9DF5-E0BEA2D1263A}.Debug|Any CPU.Build.0 = Debug|Any CPU
		{AEEA2C38-FF56-4ACD-9DF5-E0BEA2D1263A}.Debug|Any CPU.Deploy.0 = Debug|Any CPU
		{AEEA2C38-FF56-4ACD-9DF5-E0BEA2D1263A}.Release|Any CPU.ActiveCfg = Release|Any CPU
		{AEEA2C38-FF56-4ACD-9DF5-E0BEA2D1263A}.Release|Any CPU.Build.0 = Release|Any CPU
		{AEEA2C38-FF56-4ACD-9DF5-E0BEA2D1263A}.Release|Any CPU.Deploy.0 = Release|Any CPU
		{A2B2222C-0553-4877-8CF1-4458B30C0081}.Debug|Any CPU.ActiveCfg = Debug|Any CPU
		{A2B2222C-0553-4877-8CF1-4458B30C0081}.Debug|Any CPU.Build.0 = Debug|Any CPU
		{A2B2222C-0553-4877-8CF1-4458B30C0081}.Debug|Any CPU.Deploy.0 = Debug|Any CPU
		{A2B2222C-0553-4877-8CF1-4458B30C0081}.Release|Any CPU.ActiveCfg = Release|Any CPU
		{A2B2222C-0553-4877-8CF1-4458B30C0081}.Release|Any CPU.Build.0 = Release|Any CPU
		{A2B2222C-0553-4877-8CF1-4458B30C0081}.Release|Any CPU.Deploy.0 = Release|Any CPU
	EndGlobalSection
	GlobalSection(SolutionProperties) = preSolution
		HideSolutionNode = FALSE
	EndGlobalSection
	GlobalSection(ExtensibilityGlobals) = postSolution
		SolutionGuid = {1EC40AA7-C769-4EBB-9C18-8CE1692239EB}
	EndGlobalSection
EndGlobal
